# THIS IS AN AUTOGENERATED FILE. DO NOT EDIT THIS FILE DIRECTLY.
# yarn lockfile v1


angular-elastic@^2.5.1:
  version "2.5.1"
  resolved "https://registry.yarnpkg.com/angular-elastic/-/angular-elastic-2.5.1.tgz#e938ab1bd8c76415b8ca6514b15fe3593a5df535"
  dependencies:
    angular ">=1.0.6"

angular@>=1.0.6, angular@^1.6.4:
  version "1.6.4"
  resolved "https://registry.yarnpkg.com/angular/-/angular-1.6.4.tgz#03b7b15c01a0802d7e2cf593240e604054dc77fb"

font-awesome@^4.7.0:
  version "4.7.0"
  resolved "https://registry.yarnpkg.com/font-awesome/-/font-awesome-4.7.0.tgz#8fa8cf0411a1a31afd07b06d2902bb9fc815a133"

lodash@~4.17.0:
  version "4.17.4"
  resolved "https://registry.yarnpkg.com/lodash/-/lodash-4.17.4.tgz#78203a4d1c328ae1d86dca6460e369b57f4055ae"

normalize.css@^6.0.0:
  version "6.0.0"
  resolved "https://registry.yarnpkg.com/normalize.css/-/normalize.css-6.0.0.tgz#22188c2707c911fb3ad3c1aac0677ff68661bea8"

restangular@^1.6.1:
  version "1.6.1"
  resolved "https://registry.yarnpkg.com/restangular/-/restangular-1.6.1.tgz#add1743f27d77b0b8a652e6485a760b6234ed024"
  dependencies:
    lodash "~4.17.0"
