# This file is generated by running "yarn install" inside your project.
# Manual changes might be lost - proceed with caution!

__metadata:
  version: 4
  cacheKey: 6

"@fortawesome/fontawesome-common-types@npm:^0.2.27":
  version: 0.2.27
  resolution: "@fortawesome/fontawesome-common-types@npm:0.2.27"
  checksum: 27c2f0e2dedb02e7dc72855e9b14f18988bb59bf826238931a00e2ebed83f2974c5fcad1b828d2ce44e27bb3777bf3c1f413ba4c2c575fa5403b20b1dd49b3ee
  languageName: node
  linkType: hard

"@fortawesome/fontawesome-svg-core@npm:^1.2.19":
  version: 1.2.27
  resolution: "@fortawesome/fontawesome-svg-core@npm:1.2.27"
  dependencies:
    "@fortawesome/fontawesome-common-types": ^0.2.27
  checksum: 9e9218dd5fb67df9c5dba0f4699303a91cdad31f62b4009112d73ebcc47ee60f5512e6e2dd7f8a956b429744bad852726f332904fb901c42f70d82383172b40f
  languageName: node
  linkType: hard

"@fortawesome/free-solid-svg-icons@npm:^5.9.0":
  version: 5.12.1
  resolution: "@fortawesome/free-solid-svg-icons@npm:5.12.1"
  dependencies:
    "@fortawesome/fontawesome-common-types": ^0.2.27
  checksum: ba9c21c9bdbcb9124706cda8eadb5c2d2bf2978209351b4d4d702a51109570f53881cf6d8fba2b99ab7187e63caec7f4aab69f1bf6429965b3bc814de8ec6941
  languageName: node
  linkType: hard

"@types/angular@npm:*, @types/angular@npm:^1.6.55":
  version: 1.6.57
  resolution: "@types/angular@npm:1.6.57"
  checksum: e196c1391473b32789f57e5376a356ca304cba3aa17c924d459d49a3957a65e3d9dd9c663adad95ce2203fd431bb1ca3514dc92e4a2a0584a0d8555c8f692b8c
  languageName: node
  linkType: hard

"@types/restangular@npm:^1.5.44":
  version: 1.5.44
  resolution: "@types/restangular@npm:1.5.44"
  dependencies:
    "@types/angular": "*"
  checksum: b2fc958a2809f4593bc5e4ce55f19be56ddd373e926112053d4c0f636a2c2ce989c6dc03dcd71c99dfc78ae49b2ef8b5ceaeb743918c1aab9f0c812107399541
  languageName: node
  linkType: hard

"angular-elastic@npm:^2.5.1":
  version: 2.5.1
  resolution: "angular-elastic@npm:2.5.1"
  dependencies:
    angular: ">=1.0.6"
  checksum: 888e93b6aadcbf83d91751d9a0925b771df349f084867464572a56a5404d48bed91262d509ca9a951844d6ce2e480357f1ee626dbf189e1b02b96591882cdb7d
  languageName: node
  linkType: hard

"angular@npm:>=1.0.6, angular@npm:^1.8.0":
  version: 1.8.0
  resolution: "angular@npm:1.8.0"
  checksum: 4894a6833164d1278d89911ad7ed179c5c3133f0bf44527688e1580f41a84a803dae04ef318860613818058c892f6d090e715da133c77f00ca075d9935c2ffab
  languageName: node
  linkType: hard

"lodash@npm:~4.17.0":
  version: 4.17.19
  resolution: "lodash@npm:4.17.19"
  checksum: ff2b7a95f0129dba9101e346d44e0eda0f159d76bbbf23721eec1969b87a32bde3de0cfef0733218c64620e9be08040a973278d46a686540233b356115f3527c
  languageName: node
  linkType: hard

"normalize.css@npm:^8.0.1":
  version: 8.0.1
  resolution: "normalize.css@npm:8.0.1"
  checksum: de6c137a14291c00fee60a1e9e9ab4b78f93d48dd7ab5baa2783dd62bf19b456403bf0585ad201bb84ed184348fd49b467ccfc707068bf342123d00d31801e98
  languageName: node
  linkType: hard

"prettier@npm:^2.1.2":
  version: 2.1.2
  resolution: "prettier@npm:2.1.2"
  bin:
    prettier: bin-prettier.js
  checksum: bedc24c568efbcfe45f255558900777e2fabb36bf28ed4c22d2456eb22dfb012d12e566a46472ea5b857a4e9f263e888f7e316527d00bb58188f1820b0b0031a
  languageName: node
  linkType: hard

"restangular@npm:^1.6.1":
  version: 1.6.1
  resolution: "restangular@npm:1.6.1"
  dependencies:
    lodash: ~4.17.0
  peerDependencies:
    angular: ">=1.3.12"
  checksum: 186fd8b0df178e95ac8df94caa0c4e358f844aea5ae84caec0e26f4706a021d9406d39f83a275f2bc63eaf2b3bea871dc3277081ae12e937f26823ca4fe09272
  languageName: node
  linkType: hard

"root-workspace-0b6124@workspace:.":
  version: 0.0.0-use.local
  resolution: "root-workspace-0b6124@workspace:."
  dependencies:
    "@fortawesome/fontawesome-svg-core": ^1.2.19
    "@fortawesome/free-solid-svg-icons": ^5.9.0
    "@types/angular": ^1.6.55
    "@types/restangular": ^1.5.44
    angular: ^1.8.0
    angular-elastic: ^2.5.1
    normalize.css: ^8.0.1
    prettier: ^2.1.2
    restangular: ^1.6.1
    typescript: ^4.0.3
  languageName: unknown
  linkType: soft

typescript@^4.0.3:
  version: 4.0.3
  resolution: "typescript@npm:4.0.3"
  bin:
    tsc: bin/tsc
    tsserver: bin/tsserver
  checksum: 5c892e132756a83d22030d7fb38be47cde27613f71d233dbe7faf79e4a92852c5146bfddcaf8c2da1a37d35ae8bf7b8c888fdcd763d5ad184cea6b21e7466838
  languageName: node
  linkType: hard

"typescript@patch:typescript@^4.0.3#builtin<compat/typescript>":
  version: 4.0.3
  resolution: "typescript@patch:typescript@npm%3A4.0.3#builtin<compat/typescript>::version=4.0.3&hash=5b02a2"
  bin:
    tsc: bin/tsc
    tsserver: bin/tsserver
  checksum: 72db87d09f728c83062d64b5e12ed52effb6278963b6bc5c006219b22c104e02b8ce80164261de554923d3c47d894a1ca937ed542328caccb83ebaedeae98a69
  languageName: node
  linkType: hard
